PODS:
  - bluetooth_low_energy (0.0.1):
    - Flutter
    - SwiftProtobuf (~> 1.0)
  - Flutter (1.0.0)
  - SwiftProtobuf (1.17.0)

DEPENDENCIES:
  - bluetooth_low_energy (from `.symlinks/plugins/bluetooth_low_energy/ios`)
  - Flutter (from `Flutter`)

SPEC REPOS:
  trunk:
    - SwiftProtobuf

EXTERNAL SOURCES:
  bluetooth_low_energy:
    :path: ".symlinks/plugins/bluetooth_low_energy/ios"
  Flutter:
    :path: Flutter

SPEC CHECKSUMS:
  bluetooth_low_energy: 9222b99f977897165e6ffaece386bd289ac8c1fb
  Flutter: 434fef37c0980e73bb6479ef766c45957d4b510c
  SwiftProtobuf: 9c85136c6ba74b0a1b84279dbf0f6db8efb714e0

PODFILE CHECKSUM: a75497545d4391e2d394c3668e20cfb1c2bbd4aa

COCOAPODS: 1.10.1
