PODS:
  - bluetooth_low_energy_darwin (0.0.1):
    - Flutter
    - FlutterMacOS
  - FlutterMacOS (1.0.0)

DEPENDENCIES:
  - bluetooth_low_energy_darwin (from `Flutter/ephemeral/.symlinks/plugins/bluetooth_low_energy_darwin/darwin`)
  - FlutterMacOS (from `Flutter/ephemeral`)

EXTERNAL SOURCES:
  bluetooth_low_energy_darwin:
    :path: Flutter/ephemeral/.symlinks/plugins/bluetooth_low_energy_darwin/darwin
  FlutterMacOS:
    :path: Flutter/ephemeral

SPEC CHECKSUMS:
  bluetooth_low_energy_darwin: 30da11d012831c0dbe57487b5f23bf344b90ab11
  FlutterMacOS: 8f6f14fa908a6fb3fba0cd85dbd81ec4b251fb24

PODFILE CHECKSUM: 236401fc2c932af29a9fcf0e97baeeb2d750d367

COCOAPODS: 1.15.2
